// !$*UTF8*$!
{
	archiveVersion = 1;
	classes = {
	};
	objectVersion = 46;
	objects = {

/* Begin PBXBuildFile section */
		93562D7117A371F8000E0556 /* Foundation.framework in Frameworks */ = {isa = PBXBuildFile; fileRef = 93562D7017A371F8000E0556 /* Foundation.framework */; };
		93562D7317A371F8000E0556 /* CoreGraphics.framework in Frameworks */ = {isa = PBXBuildFile; fileRef = 93562D7217A371F8000E0556 /* CoreGraphics.framework */; };
		93562D7517A371F8000E0556 /* UIKit.framework in Frameworks */ = {isa = PBXBuildFile; fileRef = 93562D7417A371F8000E0556 /* UIKit.framework */; };
		93562D7B17A371F8000E0556 /* InfoPlist.strings in Resources */ = {isa = PBXBuildFile; fileRef = 93562D7917A371F8000E0556 /* InfoPlist.strings */; };
		93562D7D17A371F8000E0556 /* main.m in Sources */ = {isa = PBXBuildFile; fileRef = 93562D7C17A371F8000E0556 /* main.m */; };
		93562D8117A371F8000E0556 /* VSx2AppDelegate.m in Sources */ = {isa = PBXBuildFile; fileRef = 93562D8017A371F8000E0556 /* VSx2AppDelegate.m */; };
		93562D8717A371F8000E0556 /* VSx2ViewController.m in Sources */ = {isa = PBXBuildFile; fileRef = 93562D8617A371F8000E0556 /* VSx2ViewController.m */; };
		93562D8917A371F8000E0556 /* Images.xcassets in Resources */ = {isa = PBXBuildFile; fileRef = 93562D8817A371F8000E0556 /* Images.xcassets */; };
		93562D9017A371F8000E0556 /* XCTest.framework in Frameworks */ = {isa = PBXBuildFile; fileRef = 93562D8F17A371F8000E0556 /* XCTest.framework */; };
		93562D9117A371F8000E0556 /* Foundation.framework in Frameworks */ = {isa = PBXBuildFile; fileRef = 93562D7017A371F8000E0556 /* Foundation.framework */; };
		93562D9217A371F8000E0556 /* UIKit.framework in Frameworks */ = {isa = PBXBuildFile; fileRef = 93562D7417A371F8000E0556 /* UIKit.framework */; };
		93562D9A17A371F8000E0556 /* InfoPlist.strings in Resources */ = {isa = PBXBuildFile; fileRef = 93562D9817A371F8000E0556 /* InfoPlist.strings */; };
		93562D9C17A371F8000E0556 /* VSx2Tests.m in Sources */ = {isa = PBXBuildFile; fileRef = 93562D9B17A371F8000E0556 /* VSx2Tests.m */; };
		93562DA817A377B7000E0556 /* Main.storyboard in Resources */ = {isa = PBXBuildFile; fileRef = 93562DA717A377B7000E0556 /* Main.storyboard */; };
		936D91B717A40EBC00AF8129 /* NewScanViewController.m in Sources */ = {isa = PBXBuildFile; fileRef = 936D91B617A40EBC00AF8129 /* NewScanViewController.m */; };
		936D91B917A40F7500AF8129 /* CoreBluetooth.framework in Frameworks */ = {isa = PBXBuildFile; fileRef = 936D91B817A40F7500AF8129 /* CoreBluetooth.framework */; };
		936D91BE17A40F9800AF8129 /* BLE.m in Sources */ = {isa = PBXBuildFile; fileRef = 936D91BC17A40F8300AF8129 /* BLE.m */; };
		93876B0B17A3FE45009A7368 /* newscan.png in Resources */ = {isa = PBXBuildFile; fileRef = 93876B0A17A3FE45009A7368 /* newscan.png */; };
		93876B0D17A400D7009A7368 /* options.png in Resources */ = {isa = PBXBuildFile; fileRef = 93876B0C17A400D7009A7368 /* options.png */; };
		93876B0F17A40193009A7368 /* about.png in Resources */ = {isa = PBXBuildFile; fileRef = 93876B0E17A40193009A7368 /* about.png */; };
		93876B1517A403D7009A7368 /* loadscans.png in Resources */ = {isa = PBXBuildFile; fileRef = 93876B1417A403D7009A7368 /* loadscans.png */; };
		93876B1717A40439009A7368 /* Icon-+-Splash.png in Resources */ = {isa = PBXBuildFile; fileRef = 93876B1617A40439009A7368 /* Icon-+-Splash.png */; };
		93F84D3C17A38BA700C8566B /* smallIcon.png in Resources */ = {isa = PBXBuildFile; fileRef = 93F84D3B17A38BA700C8566B /* smallIcon.png */; };
		93F84D4E17A39C0900C8566B /* textonly.png in Resources */ = {isa = PBXBuildFile; fileRef = 93F84D4D17A39C0900C8566B /* textonly.png */; };
/* End PBXBuildFile section */

/* Begin PBXContainerItemProxy section */
		93562D9317A371F8000E0556 /* PBXContainerItemProxy */ = {
			isa = PBXContainerItemProxy;
			containerPortal = 93562D6517A371F8000E0556 /* Project object */;
			proxyType = 1;
			remoteGlobalIDString = 93562D6C17A371F8000E0556;
			remoteInfo = VSx2;
		};
/* End PBXContainerItemProxy section */

/* Begin PBXFileReference section */
		93562D6D17A371F8000E0556 /* VSx2.app */ = {isa = PBXFileReference; explicitFileType = wrapper.application; includeInIndex = 0; path = VSx2.app; sourceTree = BUILT_PRODUCTS_DIR; };
		93562D7017A371F8000E0556 /* Foundation.framework */ = {isa = PBXFileReference; lastKnownFileType = wrapper.framework; name = Foundation.framework; path = System/Library/Frameworks/Foundation.framework; sourceTree = SDKROOT; };
		93562D7217A371F8000E0556 /* CoreGraphics.framework */ = {isa = PBXFileReference; lastKnownFileType = wrapper.framework; name = CoreGraphics.framework; path = System/Library/Frameworks/CoreGraphics.framework; sourceTree = SDKROOT; };
		93562D7417A371F8000E0556 /* UIKit.framework */ = {isa = PBXFileReference; lastKnownFileType = wrapper.framework; name = UIKit.framework; path = System/Library/Frameworks/UIKit.framework; sourceTree = SDKROOT; };
		93562D7817A371F8000E0556 /* VSx2-Info.plist */ = {isa = PBXFileReference; lastKnownFileType = text.plist.xml; path = "VSx2-Info.plist"; sourceTree = "<group>"; };
		93562D7A17A371F8000E0556 /* en */ = {isa = PBXFileReference; lastKnownFileType = text.plist.strings; name = en; path = en.lproj/InfoPlist.strings; sourceTree = "<group>"; };
		93562D7C17A371F8000E0556 /* main.m */ = {isa = PBXFileReference; lastKnownFileType = sourcecode.c.objc; path = main.m; sourceTree = "<group>"; };
		93562D7E17A371F8000E0556 /* VSx2-Prefix.pch */ = {isa = PBXFileReference; lastKnownFileType = sourcecode.c.h; path = "VSx2-Prefix.pch"; sourceTree = "<group>"; };
		93562D7F17A371F8000E0556 /* VSx2AppDelegate.h */ = {isa = PBXFileReference; lastKnownFileType = sourcecode.c.h; path = VSx2AppDelegate.h; sourceTree = "<group>"; };
		93562D8017A371F8000E0556 /* VSx2AppDelegate.m */ = {isa = PBXFileReference; lastKnownFileType = sourcecode.c.objc; path = VSx2AppDelegate.m; sourceTree = "<group>"; };
		93562D8517A371F8000E0556 /* VSx2ViewController.h */ = {isa = PBXFileReference; lastKnownFileType = sourcecode.c.h; path = VSx2ViewController.h; sourceTree = "<group>"; };
		93562D8617A371F8000E0556 /* VSx2ViewController.m */ = {isa = PBXFileReference; lastKnownFileType = sourcecode.c.objc; path = VSx2ViewController.m; sourceTree = "<group>"; };
		93562D8817A371F8000E0556 /* Images.xcassets */ = {isa = PBXFileReference; lastKnownFileType = folder.assetcatalog; path = Images.xcassets; sourceTree = "<group>"; };
		93562D8E17A371F8000E0556 /* VSx2Tests.xctest */ = {isa = PBXFileReference; explicitFileType = wrapper.cfbundle; includeInIndex = 0; path = VSx2Tests.xctest; sourceTree = BUILT_PRODUCTS_DIR; };
		93562D8F17A371F8000E0556 /* XCTest.framework */ = {isa = PBXFileReference; lastKnownFileType = wrapper.framework; name = XCTest.framework; path = Library/Frameworks/XCTest.framework; sourceTree = DEVELOPER_DIR; };
		93562D9717A371F8000E0556 /* VSx2Tests-Info.plist */ = {isa = PBXFileReference; lastKnownFileType = text.plist.xml; path = "VSx2Tests-Info.plist"; sourceTree = "<group>"; };
		93562D9917A371F8000E0556 /* en */ = {isa = PBXFileReference; lastKnownFileType = text.plist.strings; name = en; path = en.lproj/InfoPlist.strings; sourceTree = "<group>"; };
		93562D9B17A371F8000E0556 /* VSx2Tests.m */ = {isa = PBXFileReference; lastKnownFileType = sourcecode.c.objc; path = VSx2Tests.m; sourceTree = "<group>"; };
		93562DA717A377B7000E0556 /* Main.storyboard */ = {isa = PBXFileReference; fileEncoding = 4; lastKnownFileType = file.storyboard; path = Main.storyboard; sourceTree = "<group>"; };
		936D91B517A40EBC00AF8129 /* NewScanViewController.h */ = {isa = PBXFileReference; fileEncoding = 4; lastKnownFileType = sourcecode.c.h; path = NewScanViewController.h; sourceTree = "<group>"; };
		936D91B617A40EBC00AF8129 /* NewScanViewController.m */ = {isa = PBXFileReference; fileEncoding = 4; lastKnownFileType = sourcecode.c.objc; path = NewScanViewController.m; sourceTree = "<group>"; };
		936D91B817A40F7500AF8129 /* CoreBluetooth.framework */ = {isa = PBXFileReference; lastKnownFileType = wrapper.framework; name = CoreBluetooth.framework; path = System/Library/Frameworks/CoreBluetooth.framework; sourceTree = SDKROOT; };
		936D91BB17A40F8300AF8129 /* BLE.h */ = {isa = PBXFileReference; lastKnownFileType = sourcecode.c.h; path = BLE.h; sourceTree = "<group>"; };
		936D91BC17A40F8300AF8129 /* BLE.m */ = {isa = PBXFileReference; lastKnownFileType = sourcecode.c.objc; path = BLE.m; sourceTree = "<group>"; };
		936D91BD17A40F8300AF8129 /* BLEDefines.h */ = {isa = PBXFileReference; lastKnownFileType = sourcecode.c.h; path = BLEDefines.h; sourceTree = "<group>"; };
		93876B0A17A3FE45009A7368 /* newscan.png */ = {isa = PBXFileReference; lastKnownFileType = image.png; path = newscan.png; sourceTree = "<group>"; };
		93876B0C17A400D7009A7368 /* options.png */ = {isa = PBXFileReference; lastKnownFileType = image.png; path = options.png; sourceTree = "<group>"; };
		93876B0E17A40193009A7368 /* about.png */ = {isa = PBXFileReference; lastKnownFileType = image.png; path = about.png; sourceTree = "<group>"; };
		93876B1417A403D7009A7368 /* loadscans.png */ = {isa = PBXFileReference; lastKnownFileType = image.png; path = loadscans.png; sourceTree = "<group>"; };
		93876B1617A40439009A7368 /* Icon-+-Splash.png */ = {isa = PBXFileReference; lastKnownFileType = image.png; name = "Icon-+-Splash.png"; path = "../Icon-+-Splash.png"; sourceTree = "<group>"; };
		93F84D3B17A38BA700C8566B /* smallIcon.png */ = {isa = PBXFileReference; lastKnownFileType = image.png; path = smallIcon.png; sourceTree = "<group>"; };
		93F84D4D17A39C0900C8566B /* textonly.png */ = {isa = PBXFileReference; lastKnownFileType = image.png; path = textonly.png; sourceTree = "<group>"; };
/* End PBXFileReference section */

/* Begin PBXFrameworksBuildPhase section */
		93562D6A17A371F8000E0556 /* Frameworks */ = {
			isa = PBXFrameworksBuildPhase;
			buildActionMask = 2147483647;
			files = (
				936D91B917A40F7500AF8129 /* CoreBluetooth.framework in Frameworks */,
				93562D7317A371F8000E0556 /* CoreGraphics.framework in Frameworks */,
				93562D7517A371F8000E0556 /* UIKit.framework in Frameworks */,
				93562D7117A371F8000E0556 /* Foundation.framework in Frameworks */,
			);
			runOnlyForDeploymentPostprocessing = 0;
		};
		93562D8B17A371F8000E0556 /* Frameworks */ = {
			isa = PBXFrameworksBuildPhase;
			buildActionMask = 2147483647;
			files = (
				93562D9017A371F8000E0556 /* XCTest.framework in Frameworks */,
				93562D9217A371F8000E0556 /* UIKit.framework in Frameworks */,
				93562D9117A371F8000E0556 /* Foundation.framework in Frameworks */,
			);
			runOnlyForDeploymentPostprocessing = 0;
		};
/* End PBXFrameworksBuildPhase section */

/* Begin PBXGroup section */
		93562D6417A371F8000E0556 = {
			isa = PBXGroup;
			children = (
				936D91B317A40E7E00AF8129 /* Graphics */,
				936D91B417A40E8600AF8129 /* Views */,
				93562D7617A371F8000E0556 /* VSx2 */,
				93562D9517A371F8000E0556 /* VSx2Tests */,
				93562D6F17A371F8000E0556 /* Frameworks */,
				93562D6E17A371F8000E0556 /* Products */,
			);
			sourceTree = "<group>";
		};
		93562D6E17A371F8000E0556 /* Products */ = {
			isa = PBXGroup;
			children = (
				93562D6D17A371F8000E0556 /* VSx2.app */,
				93562D8E17A371F8000E0556 /* VSx2Tests.xctest */,
			);
			name = Products;
			sourceTree = "<group>";
		};
		93562D6F17A371F8000E0556 /* Frameworks */ = {
			isa = PBXGroup;
			children = (
				936D91BA17A40F8300AF8129 /* BLE_Framework */,
				936D91B817A40F7500AF8129 /* CoreBluetooth.framework */,
				93562D7017A371F8000E0556 /* Foundation.framework */,
				93562D7217A371F8000E0556 /* CoreGraphics.framework */,
				93562D7417A371F8000E0556 /* UIKit.framework */,
				93562D8F17A371F8000E0556 /* XCTest.framework */,
			);
			name = Frameworks;
			sourceTree = "<group>";
		};
		93562D7617A371F8000E0556 /* VSx2 */ = {
			isa = PBXGroup;
			children = (
				93562D7F17A371F8000E0556 /* VSx2AppDelegate.h */,
				93562D8017A371F8000E0556 /* VSx2AppDelegate.m */,
				93562DA717A377B7000E0556 /* Main.storyboard */,
				93562D8517A371F8000E0556 /* VSx2ViewController.h */,
				93562D8617A371F8000E0556 /* VSx2ViewController.m */,
				93562D8817A371F8000E0556 /* Images.xcassets */,
				93562D7717A371F8000E0556 /* Supporting Files */,
			);
			path = VSx2;
			sourceTree = "<group>";
		};
		93562D7717A371F8000E0556 /* Supporting Files */ = {
			isa = PBXGroup;
			children = (
				93562D7817A371F8000E0556 /* VSx2-Info.plist */,
				93562D7917A371F8000E0556 /* InfoPlist.strings */,
				93562D7C17A371F8000E0556 /* main.m */,
				93562D7E17A371F8000E0556 /* VSx2-Prefix.pch */,
			);
			name = "Supporting Files";
			sourceTree = "<group>";
		};
		93562D9517A371F8000E0556 /* VSx2Tests */ = {
			isa = PBXGroup;
			children = (
				93562D9B17A371F8000E0556 /* VSx2Tests.m */,
				93562D9617A371F8000E0556 /* Supporting Files */,
			);
			path = VSx2Tests;
			sourceTree = "<group>";
		};
		93562D9617A371F8000E0556 /* Supporting Files */ = {
			isa = PBXGroup;
			children = (
				93562D9717A371F8000E0556 /* VSx2Tests-Info.plist */,
				93562D9817A371F8000E0556 /* InfoPlist.strings */,
			);
			name = "Supporting Files";
			sourceTree = "<group>";
		};
		936D91B317A40E7E00AF8129 /* Graphics */ = {
			isa = PBXGroup;
			children = (
				93876B1617A40439009A7368 /* Icon-+-Splash.png */,
				93F84D4D17A39C0900C8566B /* textonly.png */,
				93F84D3B17A38BA700C8566B /* smallIcon.png */,
				93876B1417A403D7009A7368 /* loadscans.png */,
				93876B0E17A40193009A7368 /* about.png */,
				93876B0C17A400D7009A7368 /* options.png */,
				93876B0A17A3FE45009A7368 /* newscan.png */,
			);
			name = Graphics;
			path = VSx2;
			sourceTree = "<group>";
		};
		936D91B417A40E8600AF8129 /* Views */ = {
			isa = PBXGroup;
			children = (
				936D91B517A40EBC00AF8129 /* NewScanViewController.h */,
				936D91B617A40EBC00AF8129 /* NewScanViewController.m */,
			);
			name = Views;
			path = VSx2;
			sourceTree = "<group>";
		};
		936D91BA17A40F8300AF8129 /* BLE_Framework */ = {
			isa = PBXGroup;
			children = (
				936D91BB17A40F8300AF8129 /* BLE.h */,
				936D91BC17A40F8300AF8129 /* BLE.m */,
				936D91BD17A40F8300AF8129 /* BLEDefines.h */,
			);
			name = BLE_Framework;
			path = ../../Developer/BLEShield_SDK_b0.4.2/BLE_Framework;
			sourceTree = "<group>";
		};
/* End PBXGroup section */

/* Begin PBXNativeTarget section */
		93562D6C17A371F8000E0556 /* VSx2 */ = {
			isa = PBXNativeTarget;
			buildConfigurationList = 93562D9F17A371F8000E0556 /* Build configuration list for PBXNativeTarget "VSx2" */;
			buildPhases = (
				93562D6917A371F8000E0556 /* Sources */,
				93562D6A17A371F8000E0556 /* Frameworks */,
				93562D6B17A371F8000E0556 /* Resources */,
			);
			buildRules = (
			);
			dependencies = (
			);
			name = VSx2;
			productName = VSx2;
			productReference = 93562D6D17A371F8000E0556 /* VSx2.app */;
			productType = "com.apple.product-type.application";
		};
		93562D8D17A371F8000E0556 /* VSx2Tests */ = {
			isa = PBXNativeTarget;
			buildConfigurationList = 93562DA217A371F8000E0556 /* Build configuration list for PBXNativeTarget "VSx2Tests" */;
			buildPhases = (
				93562D8A17A371F8000E0556 /* Sources */,
				93562D8B17A371F8000E0556 /* Frameworks */,
				93562D8C17A371F8000E0556 /* Resources */,
			);
			buildRules = (
			);
			dependencies = (
				93562D9417A371F8000E0556 /* PBXTargetDependency */,
			);
			name = VSx2Tests;
			productName = VSx2Tests;
			productReference = 93562D8E17A371F8000E0556 /* VSx2Tests.xctest */;
			productType = "com.apple.product-type.bundle.unit-test";
		};
/* End PBXNativeTarget section */

/* Begin PBXProject section */
		93562D6517A371F8000E0556 /* Project object */ = {
			isa = PBXProject;
			attributes = {
				CLASSPREFIX = VSx2;
				LastUpgradeCheck = 0500;
				ORGANIZATIONNAME = "Aaron Augsburger";
				TargetAttributes = {
					93562D6C17A371F8000E0556 = {
						DevelopmentTeam = 6F5977KA7G;
					};
					93562D8D17A371F8000E0556 = {
						TestTargetID = 93562D6C17A371F8000E0556;
					};
				};
			};
			buildConfigurationList = 93562D6817A371F8000E0556 /* Build configuration list for PBXProject "VSx2" */;
			compatibilityVersion = "Xcode 3.2";
			developmentRegion = English;
			hasScannedForEncodings = 0;
			knownRegions = (
				en,
				Base,
			);
			mainGroup = 93562D6417A371F8000E0556;
			productRefGroup = 93562D6E17A371F8000E0556 /* Products */;
			projectDirPath = "";
			projectRoot = "";
			targets = (
				93562D6C17A371F8000E0556 /* VSx2 */,
				93562D8D17A371F8000E0556 /* VSx2Tests */,
			);
		};
/* End PBXProject section */

/* Begin PBXResourcesBuildPhase section */
		93562D6B17A371F8000E0556 /* Resources */ = {
			isa = PBXResourcesBuildPhase;
			buildActionMask = 2147483647;
			files = (
				93F84D3C17A38BA700C8566B /* smallIcon.png in Resources */,
				93562D8917A371F8000E0556 /* Images.xcassets in Resources */,
				93876B1717A40439009A7368 /* Icon-+-Splash.png in Resources */,
				93876B1517A403D7009A7368 /* loadscans.png in Resources */,
				93876B0F17A40193009A7368 /* about.png in Resources */,
				93876B0D17A400D7009A7368 /* options.png in Resources */,
				93876B0B17A3FE45009A7368 /* newscan.png in Resources */,
				93562D7B17A371F8000E0556 /* InfoPlist.strings in Resources */,
				93F84D4E17A39C0900C8566B /* textonly.png in Resources */,
				93562DA817A377B7000E0556 /* Main.storyboard in Resources */,
			);
			runOnlyForDeploymentPostprocessing = 0;
		};
		93562D8C17A371F8000E0556 /* Resources */ = {
			isa = PBXResourcesBuildPhase;
			buildActionMask = 2147483647;
			files = (
				93562D9A17A371F8000E0556 /* InfoPlist.strings in Resources */,
			);
			runOnlyForDeploymentPostprocessing = 0;
		};
/* End PBXResourcesBuildPhase section */

/* Begin PBXSourcesBuildPhase section */
		93562D6917A371F8000E0556 /* Sources */ = {
			isa = PBXSourcesBuildPhase;
			buildActionMask = 2147483647;
			files = (
				936D91BE17A40F9800AF8129 /* BLE.m in Sources */,
				936D91B717A40EBC00AF8129 /* NewScanViewController.m in Sources */,
				93562D7D17A371F8000E0556 /* main.m in Sources */,
				93562D8717A371F8000E0556 /* VSx2ViewController.m in Sources */,
				93562D8117A371F8000E0556 /* VSx2AppDelegate.m in Sources */,
			);
			runOnlyForDeploymentPostprocessing = 0;
		};
		93562D8A17A371F8000E0556 /* Sources */ = {
			isa = PBXSourcesBuildPhase;
			buildActionMask = 2147483647;
			files = (
				93562D9C17A371F8000E0556 /* VSx2Tests.m in Sources */,
			);
			runOnlyForDeploymentPostprocessing = 0;
		};
/* End PBXSourcesBuildPhase section */

/* Begin PBXTargetDependency section */
		93562D9417A371F8000E0556 /* PBXTargetDependency */ = {
			isa = PBXTargetDependency;
			target = 93562D6C17A371F8000E0556 /* VSx2 */;
			targetProxy = 93562D9317A371F8000E0556 /* PBXContainerItemProxy */;
		};
/* End PBXTargetDependency section */

/* Begin PBXVariantGroup section */
		93562D7917A371F8000E0556 /* InfoPlist.strings */ = {
			isa = PBXVariantGroup;
			children = (
				93562D7A17A371F8000E0556 /* en */,
			);
			name = InfoPlist.strings;
			sourceTree = "<group>";
		};
		93562D9817A371F8000E0556 /* InfoPlist.strings */ = {
			isa = PBXVariantGroup;
			children = (
				93562D9917A371F8000E0556 /* en */,
			);
			name = InfoPlist.strings;
			sourceTree = "<group>";
		};
/* End PBXVariantGroup section */

/* Begin XCBuildConfiguration section */
		93562D9D17A371F8000E0556 /* Debug */ = {
			isa = XCBuildConfiguration;
			buildSettings = {
				ALWAYS_SEARCH_USER_PATHS = NO;
				CLANG_CXX_LANGUAGE_STANDARD = "gnu++0x";
				CLANG_CXX_LIBRARY = "libc++";
				CLANG_ENABLE_MODULES = YES;
				CLANG_ENABLE_OBJC_ARC = YES;
				CLANG_WARN_BOOL_CONVERSION = YES;
				CLANG_WARN_CONSTANT_CONVERSION = YES;
				CLANG_WARN_DIRECT_OBJC_ISA_USAGE = YES_ERROR;
				CLANG_WARN_EMPTY_BODY = YES;
				CLANG_WARN_ENUM_CONVERSION = YES;
				CLANG_WARN_INT_CONVERSION = YES;
				CLANG_WARN_OBJC_ROOT_CLASS = YES_ERROR;
				CLANG_WARN__DUPLICATE_METHOD_MATCH = YES;
				"CODE_SIGN_IDENTITY[sdk=iphoneos*]" = "iPhone Developer";
				COPY_PHASE_STRIP = NO;
				GCC_C_LANGUAGE_STANDARD = gnu99;
				GCC_DYNAMIC_NO_PIC = NO;
				GCC_OPTIMIZATION_LEVEL = 0;
				GCC_PREPROCESSOR_DEFINITIONS = (
					"DEBUG=1",
					"$(inherited)",
				);
				GCC_SYMBOLS_PRIVATE_EXTERN = NO;
				GCC_WARN_ABOUT_RETURN_TYPE = YES_ERROR;
				GCC_WARN_UNDECLARED_SELECTOR = YES;
				GCC_WARN_UNINITIALIZED_AUTOS = YES;
				GCC_WARN_UNUSED_FUNCTION = YES;
				GCC_WARN_UNUSED_VARIABLE = YES;
				IPHONEOS_DEPLOYMENT_TARGET = 7.0;
				ONLY_ACTIVE_ARCH = YES;
				SDKROOT = iphoneos;
				TARGETED_DEVICE_FAMILY = 2;
			};
			name = Debug;
		};
		93562D9E17A371F8000E0556 /* Release */ = {
			isa = XCBuildConfiguration;
			buildSettings = {
				ALWAYS_SEARCH_USER_PATHS = NO;
				CLANG_CXX_LANGUAGE_STANDARD = "gnu++0x";
				CLANG_CXX_LIBRARY = "libc++";
				CLANG_ENABLE_MODULES = YES;
				CLANG_ENABLE_OBJC_ARC = YES;
				CLANG_WARN_BOOL_CONVERSION = YES;
				CLANG_WARN_CONSTANT_CONVERSION = YES;
				CLANG_WARN_DIRECT_OBJC_ISA_USAGE = YES_ERROR;
				CLANG_WARN_EMPTY_BODY = YES;
				CLANG_WARN_ENUM_CONVERSION = YES;
				CLANG_WARN_INT_CONVERSION = YES;
				CLANG_WARN_OBJC_ROOT_CLASS = YES_ERROR;
				CLANG_WARN__DUPLICATE_METHOD_MATCH = YES;
				"CODE_SIGN_IDENTITY[sdk=iphoneos*]" = "iPhone Developer";
				COPY_PHASE_STRIP = YES;
				ENABLE_NS_ASSERTIONS = NO;
				GCC_C_LANGUAGE_STANDARD = gnu99;
				GCC_WARN_ABOUT_RETURN_TYPE = YES_ERROR;
				GCC_WARN_UNDECLARED_SELECTOR = YES;
				GCC_WARN_UNINITIALIZED_AUTOS = YES;
				GCC_WARN_UNUSED_FUNCTION = YES;
				GCC_WARN_UNUSED_VARIABLE = YES;
				IPHONEOS_DEPLOYMENT_TARGET = 7.0;
				SDKROOT = iphoneos;
				TARGETED_DEVICE_FAMILY = 2;
				VALIDATE_PRODUCT = YES;
			};
			name = Release;
		};
		93562DA017A371F8000E0556 /* Debug */ = {
			isa = XCBuildConfiguration;
			buildSettings = {
				ASSETCATALOG_COMPILER_APPICON_NAME = AppIcon;
				ASSETCATALOG_COMPILER_LAUNCHIMAGE_NAME = LaunchImage;
				CODE_SIGN_IDENTITY = "iPhone Developer";
				GCC_PRECOMPILE_PREFIX_HEADER = YES;
				GCC_PREFIX_HEADER = "VSx2/VSx2-Prefix.pch";
				INFOPLIST_FILE = "VSx2/VSx2-Info.plist";
				PRODUCT_NAME = "$(TARGET_NAME)";
				WRAPPER_EXTENSION = app;
			};
			name = Debug;
		};
		93562DA117A371F8000E0556 /* Release */ = {
			isa = XCBuildConfiguration;
			buildSettings = {
				ASSETCATALOG_COMPILER_APPICON_NAME = AppIcon;
				ASSETCATALOG_COMPILER_LAUNCHIMAGE_NAME = LaunchImage;
				CODE_SIGN_IDENTITY = "iPhone Developer";
				GCC_PRECOMPILE_PREFIX_HEADER = YES;
				GCC_PREFIX_HEADER = "VSx2/VSx2-Prefix.pch";
				INFOPLIST_FILE = "VSx2/VSx2-Info.plist";
				PRODUCT_NAME = "$(TARGET_NAME)";
				WRAPPER_EXTENSION = app;
			};
			name = Release;
		};
		93562DA317A371F8000E0556 /* Debug */ = {
			isa = XCBuildConfiguration;
			buildSettings = {
				BUNDLE_LOADER = "$(BUILT_PRODUCTS_DIR)/VSx2.app/VSx2";
				FRAMEWORK_SEARCH_PATHS = (
					"$(SDKROOT)/Developer/Library/Frameworks",
					"$(inherited)",
					"$(SYSTEM_APPS_DIR)/Xcode5-DP3.app/Contents/Developer/Library/Frameworks",
				);
				GCC_PRECOMPILE_PREFIX_HEADER = YES;
				GCC_PREFIX_HEADER = "VSx2/VSx2-Prefix.pch";
				GCC_PREPROCESSOR_DEFINITIONS = (
					"DEBUG=1",
					"$(inherited)",
				);
				INFOPLIST_FILE = "VSx2Tests/VSx2Tests-Info.plist";
				PRODUCT_NAME = "$(TARGET_NAME)";
				TEST_HOST = "$(BUNDLE_LOADER)";
				WRAPPER_EXTENSION = xctest;
			};
			name = Debug;
		};
		93562DA417A371F8000E0556 /* Release */ = {
			isa = XCBuildConfiguration;
			buildSettings = {
				BUNDLE_LOADER = "$(BUILT_PRODUCTS_DIR)/VSx2.app/VSx2";
				FRAMEWORK_SEARCH_PATHS = (
					"$(SDKROOT)/Developer/Library/Frameworks",
					"$(inherited)",
					"$(SYSTEM_APPS_DIR)/Xcode5-DP3.app/Contents/Developer/Library/Frameworks",
				);
				GCC_PRECOMPILE_PREFIX_HEADER = YES;
				GCC_PREFIX_HEADER = "VSx2/VSx2-Prefix.pch";
				INFOPLIST_FILE = "VSx2Tests/VSx2Tests-Info.plist";
				PRODUCT_NAME = "$(TARGET_NAME)";
				TEST_HOST = "$(BUNDLE_LOADER)";
				WRAPPER_EXTENSION = xctest;
			};
			name = Release;
		};
/* End XCBuildConfiguration section */

/* Begin XCConfigurationList section */
		93562D6817A371F8000E0556 /* Build configuration list for PBXProject "VSx2" */ = {
			isa = XCConfigurationList;
			buildConfigurations = (
				93562D9D17A371F8000E0556 /* Debug */,
				93562D9E17A371F8000E0556 /* Release */,
			);
			defaultConfigurationIsVisible = 0;
			defaultConfigurationName = Release;
		};
		93562D9F17A371F8000E0556 /* Build configuration list for PBXNativeTarget "VSx2" */ = {
			isa = XCConfigurationList;
			buildConfigurations = (
				93562DA017A371F8000E0556 /* Debug */,
				93562DA117A371F8000E0556 /* Release */,
			);
			defaultConfigurationIsVisible = 0;
			defaultConfigurationName = Release;
		};
		93562DA217A371F8000E0556 /* Build configuration list for PBXNativeTarget "VSx2Tests" */ = {
			isa = XCConfigurationList;
			buildConfigurations = (
				93562DA317A371F8000E0556 /* Debug */,
				93562DA417A371F8000E0556 /* Release */,
			);
			defaultConfigurationIsVisible = 0;
			defaultConfigurationName = Release;
		};
/* End XCConfigurationList section */
	};
	rootObject = 93562D6517A371F8000E0556 /* Project object */;
}
